// !$*UTF8*$!
{
	archiveVersion = 1;
	classes = {
	};
	objectVersion = 50;
	objects = {

/* Begin PBXBuildFile section */
		66E67D6E06265CFB66DCB9A8 /* Pods_OMDB.framework in Frameworks */ = {isa = PBXBuildFile; fileRef = AEA41277E85CA64F3B14113D /* Pods_OMDB.framework */; };
		A60B2B56216613D900476A86 /* AppDelegate.swift in Sources */ = {isa = PBXBuildFile; fileRef = A60B2B55216613D900476A86 /* AppDelegate.swift */; };
		A60B2B5B216613D900476A86 /* Main.storyboard in Resources */ = {isa = PBXBuildFile; fileRef = A60B2B59216613D900476A86 /* Main.storyboard */; };
		A60B2B5D216613DA00476A86 /* Assets.xcassets in Resources */ = {isa = PBXBuildFile; fileRef = A60B2B5C216613DA00476A86 /* Assets.xcassets */; };
		A60B2B60216613DA00476A86 /* LaunchScreen.storyboard in Resources */ = {isa = PBXBuildFile; fileRef = A60B2B5E216613DA00476A86 /* LaunchScreen.storyboard */; };
		A60B2B6B216613DA00476A86 /* OMDBUITests.swift in Sources */ = {isa = PBXBuildFile; fileRef = A60B2B6A216613DA00476A86 /* OMDBUITests.swift */; };
		A663C79821662673009B089F /* NetworkManager.swift in Sources */ = {isa = PBXBuildFile; fileRef = A663C79721662673009B089F /* NetworkManager.swift */; };
		A663C79A21662727009B089F /* RequestObject.swift in Sources */ = {isa = PBXBuildFile; fileRef = A663C79921662727009B089F /* RequestObject.swift */; };
		A663C79C2166274B009B089F /* ResponseObject.swift in Sources */ = {isa = PBXBuildFile; fileRef = A663C79B2166274B009B089F /* ResponseObject.swift */; };
		A663C79E2166284A009B089F /* MovieListNetworkWrapper.swift in Sources */ = {isa = PBXBuildFile; fileRef = A663C79D2166284A009B089F /* MovieListNetworkWrapper.swift */; };
		A663C7A0216628CB009B089F /* Constants.swift in Sources */ = {isa = PBXBuildFile; fileRef = A663C79F216628CB009B089F /* Constants.swift */; };
		A663C7A221662AC1009B089F /* MoviesListDataModel.swift in Sources */ = {isa = PBXBuildFile; fileRef = A663C7A121662AC1009B089F /* MoviesListDataModel.swift */; };
		A663C7A421662C8E009B089F /* Extensions.swift in Sources */ = {isa = PBXBuildFile; fileRef = A663C7A321662C8E009B089F /* Extensions.swift */; };
		A663C7A621662CD2009B089F /* Reachability.swift in Sources */ = {isa = PBXBuildFile; fileRef = A663C7A521662CD2009B089F /* Reachability.swift */; };
		A663C7A821664263009B089F /* MovieDetailsViewController.swift in Sources */ = {isa = PBXBuildFile; fileRef = A663C7A721664263009B089F /* MovieDetailsViewController.swift */; };
		A663C7AA21664915009B089F /* DateUtil.swift in Sources */ = {isa = PBXBuildFile; fileRef = A663C7A921664915009B089F /* DateUtil.swift */; };
		A6C03C3221662040006FB5B2 /* MoviesListViewController.swift in Sources */ = {isa = PBXBuildFile; fileRef = A6C03C3121662040006FB5B2 /* MoviesListViewController.swift */; };
		A6C03C35216620AB006FB5B2 /* MoviesListCollectionViewCell.swift in Sources */ = {isa = PBXBuildFile; fileRef = A6C03C33216620AB006FB5B2 /* MoviesListCollectionViewCell.swift */; };
		A6C03C36216620AB006FB5B2 /* MoviesListCollectionViewCell.xib in Resources */ = {isa = PBXBuildFile; fileRef = A6C03C34216620AB006FB5B2 /* MoviesListCollectionViewCell.xib */; };
		E8A23D332A6EB6DF9B3A5BF7 /* Pods_OMDBUITests.framework in Frameworks */ = {isa = PBXBuildFile; fileRef = 466C7DBE30705141093E662F /* Pods_OMDBUITests.framework */; };
/* End PBXBuildFile section */

/* Begin PBXContainerItemProxy section */
		A60B2B67216613DA00476A86 /* PBXContainerItemProxy */ = {
			isa = PBXContainerItemProxy;
			containerPortal = A60B2B4A216613D900476A86 /* Project object */;
			proxyType = 1;
			remoteGlobalIDString = A60B2B51216613D900476A86;
			remoteInfo = OMDB;
		};
/* End PBXContainerItemProxy section */

/* Begin PBXFileReference section */
		348A94DD1CD9BAEC94070084 /* Pods-OMDB.debug.xcconfig */ = {isa = PBXFileReference; includeInIndex = 1; lastKnownFileType = text.xcconfig; name = "Pods-OMDB.debug.xcconfig"; path = "Pods/Target Support Files/Pods-OMDB/Pods-OMDB.debug.xcconfig"; sourceTree = "<group>"; };
		3A8000D13386A91C86144041 /* Pods-OMDBUITests.debug.xcconfig */ = {isa = PBXFileReference; includeInIndex = 1; lastKnownFileType = text.xcconfig; name = "Pods-OMDBUITests.debug.xcconfig"; path = "Pods/Target Support Files/Pods-OMDBUITests/Pods-OMDBUITests.debug.xcconfig"; sourceTree = "<group>"; };
		466C7DBE30705141093E662F /* Pods_OMDBUITests.framework */ = {isa = PBXFileReference; explicitFileType = wrapper.framework; includeInIndex = 0; path = Pods_OMDBUITests.framework; sourceTree = BUILT_PRODUCTS_DIR; };
		61B64E0802DC1B2FF96FC7E3 /* Pods-OMDB.release.xcconfig */ = {isa = PBXFileReference; includeInIndex = 1; lastKnownFileType = text.xcconfig; name = "Pods-OMDB.release.xcconfig"; path = "Pods/Target Support Files/Pods-OMDB/Pods-OMDB.release.xcconfig"; sourceTree = "<group>"; };
		A60B2B52216613D900476A86 /* OMDB.app */ = {isa = PBXFileReference; explicitFileType = wrapper.application; includeInIndex = 0; path = OMDB.app; sourceTree = BUILT_PRODUCTS_DIR; };
		A60B2B55216613D900476A86 /* AppDelegate.swift */ = {isa = PBXFileReference; lastKnownFileType = sourcecode.swift; path = AppDelegate.swift; sourceTree = "<group>"; };
		A60B2B5A216613D900476A86 /* Base */ = {isa = PBXFileReference; lastKnownFileType = file.storyboard; name = Base; path = Base.lproj/Main.storyboard; sourceTree = "<group>"; };
		A60B2B5C216613DA00476A86 /* Assets.xcassets */ = {isa = PBXFileReference; lastKnownFileType = folder.assetcatalog; path = Assets.xcassets; sourceTree = "<group>"; };
		A60B2B5F216613DA00476A86 /* Base */ = {isa = PBXFileReference; lastKnownFileType = file.storyboard; name = Base; path = Base.lproj/LaunchScreen.storyboard; sourceTree = "<group>"; };
		A60B2B61216613DA00476A86 /* Info.plist */ = {isa = PBXFileReference; lastKnownFileType = text.plist.xml; path = Info.plist; sourceTree = "<group>"; };
		A60B2B66216613DA00476A86 /* OMDBUITests.xctest */ = {isa = PBXFileReference; explicitFileType = wrapper.cfbundle; includeInIndex = 0; path = OMDBUITests.xctest; sourceTree = BUILT_PRODUCTS_DIR; };
		A60B2B6A216613DA00476A86 /* OMDBUITests.swift */ = {isa = PBXFileReference; lastKnownFileType = sourcecode.swift; path = OMDBUITests.swift; sourceTree = "<group>"; };
		A60B2B6C216613DA00476A86 /* Info.plist */ = {isa = PBXFileReference; lastKnownFileType = text.plist.xml; path = Info.plist; sourceTree = "<group>"; };
		A663C79721662673009B089F /* NetworkManager.swift */ = {isa = PBXFileReference; lastKnownFileType = sourcecode.swift; path = NetworkManager.swift; sourceTree = "<group>"; };
		A663C79921662727009B089F /* RequestObject.swift */ = {isa = PBXFileReference; lastKnownFileType = sourcecode.swift; path = RequestObject.swift; sourceTree = "<group>"; };
		A663C79B2166274B009B089F /* ResponseObject.swift */ = {isa = PBXFileReference; lastKnownFileType = sourcecode.swift; path = ResponseObject.swift; sourceTree = "<group>"; };
		A663C79D2166284A009B089F /* MovieListNetworkWrapper.swift */ = {isa = PBXFileReference; lastKnownFileType = sourcecode.swift; path = MovieListNetworkWrapper.swift; sourceTree = "<group>"; };
		A663C79F216628CB009B089F /* Constants.swift */ = {isa = PBXFileReference; lastKnownFileType = sourcecode.swift; path = Constants.swift; sourceTree = "<group>"; };
		A663C7A121662AC1009B089F /* MoviesListDataModel.swift */ = {isa = PBXFileReference; lastKnownFileType = sourcecode.swift; path = MoviesListDataModel.swift; sourceTree = "<group>"; };
		A663C7A321662C8E009B089F /* Extensions.swift */ = {isa = PBXFileReference; lastKnownFileType = sourcecode.swift; path = Extensions.swift; sourceTree = "<group>"; };
		A663C7A521662CD2009B089F /* Reachability.swift */ = {isa = PBXFileReference; lastKnownFileType = sourcecode.swift; path = Reachability.swift; sourceTree = "<group>"; };
		A663C7A721664263009B089F /* MovieDetailsViewController.swift */ = {isa = PBXFileReference; lastKnownFileType = sourcecode.swift; path = MovieDetailsViewController.swift; sourceTree = "<group>"; };
		A663C7A921664915009B089F /* DateUtil.swift */ = {isa = PBXFileReference; lastKnownFileType = sourcecode.swift; path = DateUtil.swift; sourceTree = "<group>"; };
		A6C03C3121662040006FB5B2 /* MoviesListViewController.swift */ = {isa = PBXFileReference; lastKnownFileType = sourcecode.swift; path = MoviesListViewController.swift; sourceTree = "<group>"; };
		A6C03C33216620AB006FB5B2 /* MoviesListCollectionViewCell.swift */ = {isa = PBXFileReference; lastKnownFileType = sourcecode.swift; path = MoviesListCollectionViewCell.swift; sourceTree = "<group>"; };
		A6C03C34216620AB006FB5B2 /* MoviesListCollectionViewCell.xib */ = {isa = PBXFileReference; lastKnownFileType = file.xib; path = MoviesListCollectionViewCell.xib; sourceTree = "<group>"; };
		AEA41277E85CA64F3B14113D /* Pods_OMDB.framework */ = {isa = PBXFileReference; explicitFileType = wrapper.framework; includeInIndex = 0; path = Pods_OMDB.framework; sourceTree = BUILT_PRODUCTS_DIR; };
		BC36725B37436F493CBBC668 /* Pods-OMDBUITests.release.xcconfig */ = {isa = PBXFileReference; includeInIndex = 1; lastKnownFileType = text.xcconfig; name = "Pods-OMDBUITests.release.xcconfig"; path = "Pods/Target Support Files/Pods-OMDBUITests/Pods-OMDBUITests.release.xcconfig"; sourceTree = "<group>"; };
/* End PBXFileReference section */

/* Begin PBXFrameworksBuildPhase section */
		A60B2B4F216613D900476A86 /* Frameworks */ = {
			isa = PBXFrameworksBuildPhase;
			buildActionMask = 2147483647;
			files = (
				66E67D6E06265CFB66DCB9A8 /* Pods_OMDB.framework in Frameworks */,
			);
			runOnlyForDeploymentPostprocessing = 0;
		};
		A60B2B63216613DA00476A86 /* Frameworks */ = {
			isa = PBXFrameworksBuildPhase;
			buildActionMask = 2147483647;
			files = (
				E8A23D332A6EB6DF9B3A5BF7 /* Pods_OMDBUITests.framework in Frameworks */,
			);
			runOnlyForDeploymentPostprocessing = 0;
		};
/* End PBXFrameworksBuildPhase section */

/* Begin PBXGroup section */
		815427C446E189C162B4C05D /* Pods */ = {
			isa = PBXGroup;
			children = (
				348A94DD1CD9BAEC94070084 /* Pods-OMDB.debug.xcconfig */,
				61B64E0802DC1B2FF96FC7E3 /* Pods-OMDB.release.xcconfig */,
				3A8000D13386A91C86144041 /* Pods-OMDBUITests.debug.xcconfig */,
				BC36725B37436F493CBBC668 /* Pods-OMDBUITests.release.xcconfig */,
			);
			name = Pods;
			sourceTree = "<group>";
		};
		A60B2B49216613D900476A86 = {
			isa = PBXGroup;
			children = (
				A60B2B54216613D900476A86 /* OMDB */,
				A60B2B69216613DA00476A86 /* OMDBUITests */,
				A60B2B53216613D900476A86 /* Products */,
				815427C446E189C162B4C05D /* Pods */,
				BA9D5A582AB18B013272E32B /* Frameworks */,
			);
			sourceTree = "<group>";
		};
		A60B2B53216613D900476A86 /* Products */ = {
			isa = PBXGroup;
			children = (
				A60B2B52216613D900476A86 /* OMDB.app */,
				A60B2B66216613DA00476A86 /* OMDBUITests.xctest */,
			);
			name = Products;
			sourceTree = "<group>";
		};
		A60B2B54216613D900476A86 /* OMDB */ = {
			isa = PBXGroup;
			children = (
				A60B2B55216613D900476A86 /* AppDelegate.swift */,
				A60B2B59216613D900476A86 /* Main.storyboard */,
				A6C03C302166201E006FB5B2 /* Cells */,
				A6C03C2D2166201E006FB5B2 /* Model */,
				A6C03C2E2166201E006FB5B2 /* Utils */,
				A6C03C2F2166201E006FB5B2 /* ViewController */,
				A663C79621662661009B089F /* Managers */,
				A60B2B5C216613DA00476A86 /* Assets.xcassets */,
				A60B2B5E216613DA00476A86 /* LaunchScreen.storyboard */,
				A60B2B61216613DA00476A86 /* Info.plist */,
			);
			path = OMDB;
			sourceTree = "<group>";
		};
		A60B2B69216613DA00476A86 /* OMDBUITests */ = {
			isa = PBXGroup;
			children = (
				A60B2B6A216613DA00476A86 /* OMDBUITests.swift */,
				A60B2B6C216613DA00476A86 /* Info.plist */,
			);
			path = OMDBUITests;
			sourceTree = "<group>";
		};
		A663C79621662661009B089F /* Managers */ = {
			isa = PBXGroup;
			children = (
				A663C79721662673009B089F /* NetworkManager.swift */,
				A663C79921662727009B089F /* RequestObject.swift */,
				A663C79B2166274B009B089F /* ResponseObject.swift */,
				A663C79D2166284A009B089F /* MovieListNetworkWrapper.swift */,
			);
			path = Managers;
			sourceTree = "<group>";
		};
		A6C03C2D2166201E006FB5B2 /* Model */ = {
			isa = PBXGroup;
			children = (
				A663C7A121662AC1009B089F /* MoviesListDataModel.swift */,
			);
			path = Model;
			sourceTree = "<group>";
		};
		A6C03C2E2166201E006FB5B2 /* Utils */ = {
			isa = PBXGroup;
			children = (
				A663C79F216628CB009B089F /* Constants.swift */,
				A663C7A321662C8E009B089F /* Extensions.swift */,
				A663C7A521662CD2009B089F /* Reachability.swift */,
				A663C7A921664915009B089F /* DateUtil.swift */,
			);
			path = Utils;
			sourceTree = "<group>";
		};
		A6C03C2F2166201E006FB5B2 /* ViewController */ = {
			isa = PBXGroup;
			children = (
				A6C03C3121662040006FB5B2 /* MoviesListViewController.swift */,
				A663C7A721664263009B089F /* MovieDetailsViewController.swift */,
			);
			path = ViewController;
			sourceTree = "<group>";
		};
		A6C03C302166201E006FB5B2 /* Cells */ = {
			isa = PBXGroup;
			children = (
				A6C03C33216620AB006FB5B2 /* MoviesListCollectionViewCell.swift */,
				A6C03C34216620AB006FB5B2 /* MoviesListCollectionViewCell.xib */,
			);
			path = Cells;
			sourceTree = "<group>";
		};
		BA9D5A582AB18B013272E32B /* Frameworks */ = {
			isa = PBXGroup;
			children = (
				AEA41277E85CA64F3B14113D /* Pods_OMDB.framework */,
				466C7DBE30705141093E662F /* Pods_OMDBUITests.framework */,
			);
			name = Frameworks;
			sourceTree = "<group>";
		};
/* End PBXGroup section */

/* Begin PBXNativeTarget section */
		A60B2B51216613D900476A86 /* OMDB */ = {
			isa = PBXNativeTarget;
			buildConfigurationList = A60B2B6F216613DA00476A86 /* Build configuration list for PBXNativeTarget "OMDB" */;
			buildPhases = (
				D6A70DEBCA24202C97CA1AF9 /* [CP] Check Pods Manifest.lock */,
				A60B2B4E216613D900476A86 /* Sources */,
				A60B2B4F216613D900476A86 /* Frameworks */,
				A60B2B50216613D900476A86 /* Resources */,
				045701F6BB0657AFEF12BD3A /* [CP] Embed Pods Frameworks */,
			);
			buildRules = (
			);
			dependencies = (
			);
			name = OMDB;
			productName = OMDB;
			productReference = A60B2B52216613D900476A86 /* OMDB.app */;
			productType = "com.apple.product-type.application";
		};
		A60B2B65216613DA00476A86 /* OMDBUITests */ = {
			isa = PBXNativeTarget;
			buildConfigurationList = A60B2B72216613DA00476A86 /* Build configuration list for PBXNativeTarget "OMDBUITests" */;
			buildPhases = (
				583A5D95CC72518756FD8A52 /* [CP] Check Pods Manifest.lock */,
				A60B2B62216613DA00476A86 /* Sources */,
				A60B2B63216613DA00476A86 /* Frameworks */,
				A60B2B64216613DA00476A86 /* Resources */,
			);
			buildRules = (
			);
			dependencies = (
				A60B2B68216613DA00476A86 /* PBXTargetDependency */,
			);
			name = OMDBUITests;
			productName = OMDBUITests;
			productReference = A60B2B66216613DA00476A86 /* OMDBUITests.xctest */;
			productType = "com.apple.product-type.bundle.ui-testing";
		};
/* End PBXNativeTarget section */

/* Begin PBXProject section */
		A60B2B4A216613D900476A86 /* Project object */ = {
			isa = PBXProject;
			attributes = {
				LastSwiftUpdateCheck = 0940;
				LastUpgradeCheck = 0940;
				ORGANIZATIONNAME = "Rohit Jain";
				TargetAttributes = {
					A60B2B51216613D900476A86 = {
						CreatedOnToolsVersion = 9.4.1;
					};
					A60B2B65216613DA00476A86 = {
						CreatedOnToolsVersion = 9.4.1;
						TestTargetID = A60B2B51216613D900476A86;
					};
				};
			};
			buildConfigurationList = A60B2B4D216613D900476A86 /* Build configuration list for PBXProject "OMDB" */;
			compatibilityVersion = "Xcode 9.3";
			developmentRegion = en;
			hasScannedForEncodings = 0;
			knownRegions = (
				en,
				Base,
			);
			mainGroup = A60B2B49216613D900476A86;
			productRefGroup = A60B2B53216613D900476A86 /* Products */;
			projectDirPath = "";
			projectRoot = "";
			targets = (
				A60B2B51216613D900476A86 /* OMDB */,
				A60B2B65216613DA00476A86 /* OMDBUITests */,
			);
		};
/* End PBXProject section */

/* Begin PBXResourcesBuildPhase section */
		A60B2B50216613D900476A86 /* Resources */ = {
			isa = PBXResourcesBuildPhase;
			buildActionMask = 2147483647;
			files = (
				A60B2B60216613DA00476A86 /* LaunchScreen.storyboard in Resources */,
				A60B2B5D216613DA00476A86 /* Assets.xcassets in Resources */,
				A6C03C36216620AB006FB5B2 /* MoviesListCollectionViewCell.xib in Resources */,
				A60B2B5B216613D900476A86 /* Main.storyboard in Resources */,
			);
			runOnlyForDeploymentPostprocessing = 0;
		};
		A60B2B64216613DA00476A86 /* Resources */ = {
			isa = PBXResourcesBuildPhase;
			buildActionMask = 2147483647;
			files = (
			);
			runOnlyForDeploymentPostprocessing = 0;
		};
/* End PBXResourcesBuildPhase section */

/* Begin PBXShellScriptBuildPhase section */
		045701F6BB0657AFEF12BD3A /* [CP] Embed Pods Frameworks */ = {
			isa = PBXShellScriptBuildPhase;
			buildActionMask = 2147483647;
			files = (
			);
			inputPaths = (
				"${SRCROOT}/Pods/Target Support Files/Pods-OMDB/Pods-OMDB-frameworks.sh",
				"${BUILT_PRODUCTS_DIR}/Alamofire/Alamofire.framework",
				"${BUILT_PRODUCTS_DIR}/AlamofireImage/AlamofireImage.framework",
				"${BUILT_PRODUCTS_DIR}/SDWebImage/SDWebImage.framework",
			);
			name = "[CP] Embed Pods Frameworks";
			outputPaths = (
				"${TARGET_BUILD_DIR}/${FRAMEWORKS_FOLDER_PATH}/Alamofire.framework",
				"${TARGET_BUILD_DIR}/${FRAMEWORKS_FOLDER_PATH}/AlamofireImage.framework",
				"${TARGET_BUILD_DIR}/${FRAMEWORKS_FOLDER_PATH}/SDWebImage.framework",
			);
			runOnlyForDeploymentPostprocessing = 0;
			shellPath = /bin/sh;
			shellScript = "\"${SRCROOT}/Pods/Target Support Files/Pods-OMDB/Pods-OMDB-frameworks.sh\"\n";
			showEnvVarsInLog = 0;
		};
		583A5D95CC72518756FD8A52 /* [CP] Check Pods Manifest.lock */ = {
			isa = PBXShellScriptBuildPhase;
			buildActionMask = 2147483647;
			files = (
			);
			inputPaths = (
				"${PODS_PODFILE_DIR_PATH}/Podfile.lock",
				"${PODS_ROOT}/Manifest.lock",
			);
			name = "[CP] Check Pods Manifest.lock";
			outputPaths = (
				"$(DERIVED_FILE_DIR)/Pods-OMDBUITests-checkManifestLockResult.txt",
			);
			runOnlyForDeploymentPostprocessing = 0;
			shellPath = /bin/sh;
			shellScript = "diff \"${PODS_PODFILE_DIR_PATH}/Podfile.lock\" \"${PODS_ROOT}/Manifest.lock\" > /dev/null\nif [ $? != 0 ] ; then\n    # print error to STDERR\n    echo \"error: The sandbox is not in sync with the Podfile.lock. Run 'pod install' or update your CocoaPods installation.\" >&2\n    exit 1\nfi\n# This output is used by Xcode 'outputs' to avoid re-running this script phase.\necho \"SUCCESS\" > \"${SCRIPT_OUTPUT_FILE_0}\"\n";
			showEnvVarsInLog = 0;
		};
		D6A70DEBCA24202C97CA1AF9 /* [CP] Check Pods Manifest.lock */ = {
			isa = PBXShellScriptBuildPhase;
			buildActionMask = 2147483647;
			files = (
			);
			inputPaths = (
				"${PODS_PODFILE_DIR_PATH}/Podfile.lock",
				"${PODS_ROOT}/Manifest.lock",
			);
			name = "[CP] Check Pods Manifest.lock";
			outputPaths = (
				"$(DERIVED_FILE_DIR)/Pods-OMDB-checkManifestLockResult.txt",
			);
			runOnlyForDeploymentPostprocessing = 0;
			shellPath = /bin/sh;
			shellScript = "diff \"${PODS_PODFILE_DIR_PATH}/Podfile.lock\" \"${PODS_ROOT}/Manifest.lock\" > /dev/null\nif [ $? != 0 ] ; then\n    # print error to STDERR\n    echo \"error: The sandbox is not in sync with the Podfile.lock. Run 'pod install' or update your CocoaPods installation.\" >&2\n    exit 1\nfi\n# This output is used by Xcode 'outputs' to avoid re-running this script phase.\necho \"SUCCESS\" > \"${SCRIPT_OUTPUT_FILE_0}\"\n";
			showEnvVarsInLog = 0;
		};
/* End PBXShellScriptBuildPhase section */

/* Begin PBXSourcesBuildPhase section */
		A60B2B4E216613D900476A86 /* Sources */ = {
			isa = PBXSourcesBuildPhase;
			buildActionMask = 2147483647;
			files = (
				A663C79821662673009B089F /* NetworkManager.swift in Sources */,
				A663C79C2166274B009B089F /* ResponseObject.swift in Sources */,
				A6C03C35216620AB006FB5B2 /* MoviesListCollectionViewCell.swift in Sources */,
				A60B2B56216613D900476A86 /* AppDelegate.swift in Sources */,
				A663C79A21662727009B089F /* RequestObject.swift in Sources */,
				A663C7A421662C8E009B089F /* Extensions.swift in Sources */,
				A663C79E2166284A009B089F /* MovieListNetworkWrapper.swift in Sources */,
				A663C7A621662CD2009B089F /* Reachability.swift in Sources */,
				A663C7A821664263009B089F /* MovieDetailsViewController.swift in Sources */,
				A663C7A221662AC1009B089F /* MoviesListDataModel.swift in Sources */,
				A663C7AA21664915009B089F /* DateUtil.swift in Sources */,
				A6C03C3221662040006FB5B2 /* MoviesListViewController.swift in Sources */,
				A663C7A0216628CB009B089F /* Constants.swift in Sources */,
			);
			runOnlyForDeploymentPostprocessing = 0;
		};
		A60B2B62216613DA00476A86 /* Sources */ = {
			isa = PBXSourcesBuildPhase;
			buildActionMask = 2147483647;
			files = (
				A60B2B6B216613DA00476A86 /* OMDBUITests.swift in Sources */,
			);
			runOnlyForDeploymentPostprocessing = 0;
		};
/* End PBXSourcesBuildPhase section */

/* Begin PBXTargetDependency section */
		A60B2B68216613DA00476A86 /* PBXTargetDependency */ = {
			isa = PBXTargetDependency;
			target = A60B2B51216613D900476A86 /* OMDB */;
			targetProxy = A60B2B67216613DA00476A86 /* PBXContainerItemProxy */;
		};
/* End PBXTargetDependency section */

/* Begin PBXVariantGroup section */
		A60B2B59216613D900476A86 /* Main.storyboard */ = {
			isa = PBXVariantGroup;
			children = (
				A60B2B5A216613D900476A86 /* Base */,
			);
			name = Main.storyboard;
			sourceTree = "<group>";
		};
		A60B2B5E216613DA00476A86 /* LaunchScreen.storyboard */ = {
			isa = PBXVariantGroup;
			children = (
				A60B2B5F216613DA00476A86 /* Base */,
			);
			name = LaunchScreen.storyboard;
			sourceTree = "<group>";
		};
/* End PBXVariantGroup section */

/* Begin XCBuildConfiguration section */
		A60B2B6D216613DA00476A86 /* Debug */ = {
			isa = XCBuildConfiguration;
			buildSettings = {
				ALWAYS_SEARCH_USER_PATHS = NO;
				CLANG_ANALYZER_NONNULL = YES;
				CLANG_ANALYZER_NUMBER_OBJECT_CONVERSION = YES_AGGRESSIVE;
				CLANG_CXX_LANGUAGE_STANDARD = "gnu++14";
				CLANG_CXX_LIBRARY = "libc++";
				CLANG_ENABLE_MODULES = YES;
				CLANG_ENABLE_OBJC_ARC = YES;
				CLANG_ENABLE_OBJC_WEAK = YES;
				CLANG_WARN_BLOCK_CAPTURE_AUTORELEASING = YES;
				CLANG_WARN_BOOL_CONVERSION = YES;
				CLANG_WARN_COMMA = YES;
				CLANG_WARN_CONSTANT_CONVERSION = YES;
				CLANG_WARN_DEPRECATED_OBJC_IMPLEMENTATIONS = YES;
				CLANG_WARN_DIRECT_OBJC_ISA_USAGE = YES_ERROR;
				CLANG_WARN_DOCUMENTATION_COMMENTS = YES;
				CLANG_WARN_EMPTY_BODY = YES;
				CLANG_WARN_ENUM_CONVERSION = YES;
				CLANG_WARN_INFINITE_RECURSION = YES;
				CLANG_WARN_INT_CONVERSION = YES;
				CLANG_WARN_NON_LITERAL_NULL_CONVERSION = YES;
				CLANG_WARN_OBJC_IMPLICIT_RETAIN_SELF = YES;
				CLANG_WARN_OBJC_LITERAL_CONVERSION = YES;
				CLANG_WARN_OBJC_ROOT_CLASS = YES_ERROR;
				CLANG_WARN_RANGE_LOOP_ANALYSIS = YES;
				CLANG_WARN_STRICT_PROTOTYPES = YES;
				CLANG_WARN_SUSPICIOUS_MOVE = YES;
				CLANG_WARN_UNGUARDED_AVAILABILITY = YES_AGGRESSIVE;
				CLANG_WARN_UNREACHABLE_CODE = YES;
				CLANG_WARN__DUPLICATE_METHOD_MATCH = YES;
				CODE_SIGN_IDENTITY = "iPhone Developer";
				COPY_PHASE_STRIP = NO;
				DEBUG_INFORMATION_FORMAT = dwarf;
				ENABLE_STRICT_OBJC_MSGSEND = YES;
				ENABLE_TESTABILITY = YES;
				GCC_C_LANGUAGE_STANDARD = gnu11;
				GCC_DYNAMIC_NO_PIC = NO;
				GCC_NO_COMMON_BLOCKS = YES;
				GCC_OPTIMIZATION_LEVEL = 0;
				GCC_PREPROCESSOR_DEFINITIONS = (
					"DEBUG=1",
					"$(inherited)",
				);
				GCC_WARN_64_TO_32_BIT_CONVERSION = YES;
				GCC_WARN_ABOUT_RETURN_TYPE = YES_ERROR;
				GCC_WARN_UNDECLARED_SELECTOR = YES;
				GCC_WARN_UNINITIALIZED_AUTOS = YES_AGGRESSIVE;
				GCC_WARN_UNUSED_FUNCTION = YES;
				GCC_WARN_UNUSED_VARIABLE = YES;
				IPHONEOS_DEPLOYMENT_TARGET = 11.4;
				MTL_ENABLE_DEBUG_INFO = YES;
				ONLY_ACTIVE_ARCH = YES;
				SDKROOT = iphoneos;
				SWIFT_ACTIVE_COMPILATION_CONDITIONS = DEBUG;
				SWIFT_OPTIMIZATION_LEVEL = "-Onone";
			};
			name = Debug;
		};
		A60B2B6E216613DA00476A86 /* Release */ = {
			isa = XCBuildConfiguration;
			buildSettings = {
				ALWAYS_SEARCH_USER_PATHS = NO;
				CLANG_ANALYZER_NONNULL = YES;
				CLANG_ANALYZER_NUMBER_OBJECT_CONVERSION = YES_AGGRESSIVE;
				CLANG_CXX_LANGUAGE_STANDARD = "gnu++14";
				CLANG_CXX_LIBRARY = "libc++";
				CLANG_ENABLE_MODULES = YES;
				CLANG_ENABLE_OBJC_ARC = YES;
				CLANG_ENABLE_OBJC_WEAK = YES;
				CLANG_WARN_BLOCK_CAPTURE_AUTORELEASING = YES;
				CLANG_WARN_BOOL_CONVERSION = YES;
				CLANG_WARN_COMMA = YES;
				CLANG_WARN_CONSTANT_CONVERSION = YES;
				CLANG_WARN_DEPRECATED_OBJC_IMPLEMENTATIONS = YES;
				CLANG_WARN_DIRECT_OBJC_ISA_USAGE = YES_ERROR;
				CLANG_WARN_DOCUMENTATION_COMMENTS = YES;
				CLANG_WARN_EMPTY_BODY = YES;
				CLANG_WARN_ENUM_CONVERSION = YES;
				CLANG_WARN_INFINITE_RECURSION = YES;
				CLANG_WARN_INT_CONVERSION = YES;
				CLANG_WARN_NON_LITERAL_NULL_CONVERSION = YES;
				CLANG_WARN_OBJC_IMPLICIT_RETAIN_SELF = YES;
				CLANG_WARN_OBJC_LITERAL_CONVERSION = YES;
				CLANG_WARN_OBJC_ROOT_CLASS = YES_ERROR;
				CLANG_WARN_RANGE_LOOP_ANALYSIS = YES;
				CLANG_WARN_STRICT_PROTOTYPES = YES;
				CLANG_WARN_SUSPICIOUS_MOVE = YES;
				CLANG_WARN_UNGUARDED_AVAILABILITY = YES_AGGRESSIVE;
				CLANG_WARN_UNREACHABLE_CODE = YES;
				CLANG_WARN__DUPLICATE_METHOD_MATCH = YES;
				CODE_SIGN_IDENTITY = "iPhone Developer";
				COPY_PHASE_STRIP = NO;
				DEBUG_INFORMATION_FORMAT = "dwarf-with-dsym";
				ENABLE_NS_ASSERTIONS = NO;
				ENABLE_STRICT_OBJC_MSGSEND = YES;
				GCC_C_LANGUAGE_STANDARD = gnu11;
				GCC_NO_COMMON_BLOCKS = YES;
				GCC_WARN_64_TO_32_BIT_CONVERSION = YES;
				GCC_WARN_ABOUT_RETURN_TYPE = YES_ERROR;
				GCC_WARN_UNDECLARED_SELECTOR = YES;
				GCC_WARN_UNINITIALIZED_AUTOS = YES_AGGRESSIVE;
				GCC_WARN_UNUSED_FUNCTION = YES;
				GCC_WARN_UNUSED_VARIABLE = YES;
				IPHONEOS_DEPLOYMENT_TARGET = 11.4;
				MTL_ENABLE_DEBUG_INFO = NO;
				SDKROOT = iphoneos;
				SWIFT_COMPILATION_MODE = wholemodule;
				SWIFT_OPTIMIZATION_LEVEL = "-O";
				VALIDATE_PRODUCT = YES;
			};
			name = Release;
		};
		A60B2B70216613DA00476A86 /* Debug */ = {
			isa = XCBuildConfiguration;
			baseConfigurationReference = 348A94DD1CD9BAEC94070084 /* Pods-OMDB.debug.xcconfig */;
			buildSettings = {
				ASSETCATALOG_COMPILER_APPICON_NAME = AppIcon;
				CODE_SIGN_STYLE = Automatic;
				DEVELOPMENT_TEAM = QTH8A3VX8J;
				INFOPLIST_FILE = OMDB/Info.plist;
				LD_RUNPATH_SEARCH_PATHS = (
					"$(inherited)",
					"@executable_path/Frameworks",
				);
				PRODUCT_BUNDLE_IDENTIFIER = com.Rohit.OMDB;
				PRODUCT_NAME = "$(TARGET_NAME)";
				SWIFT_VERSION = 4.0;
				TARGETED_DEVICE_FAMILY = "1,2";
			};
			name = Debug;
		};
		A60B2B71216613DA00476A86 /* Release */ = {
			isa = XCBuildConfiguration;
			baseConfigurationReference = 61B64E0802DC1B2FF96FC7E3 /* Pods-OMDB.release.xcconfig */;
			buildSettings = {
				ASSETCATALOG_COMPILER_APPICON_NAME = AppIcon;
				CODE_SIGN_STYLE = Automatic;
				DEVELOPMENT_TEAM = QTH8A3VX8J;
				INFOPLIST_FILE = OMDB/Info.plist;
				LD_RUNPATH_SEARCH_PATHS = (
					"$(inherited)",
					"@executable_path/Frameworks",
				);
				PRODUCT_BUNDLE_IDENTIFIER = com.Rohit.OMDB;
				PRODUCT_NAME = "$(TARGET_NAME)";
				SWIFT_VERSION = 4.0;
				TARGETED_DEVICE_FAMILY = "1,2";
			};
			name = Release;
		};
		A60B2B73216613DA00476A86 /* Debug */ = {
			isa = XCBuildConfiguration;
			baseConfigurationReference = 3A8000D13386A91C86144041 /* Pods-OMDBUITests.debug.xcconfig */;
			buildSettings = {
				ALWAYS_EMBED_SWIFT_STANDARD_LIBRARIES = YES;
				CODE_SIGN_STYLE = Automatic;
				DEVELOPMENT_TEAM = QTH8A3VX8J;
				INFOPLIST_FILE = OMDBUITests/Info.plist;
				LD_RUNPATH_SEARCH_PATHS = (
					"$(inherited)",
					"@executable_path/Frameworks",
					"@loader_path/Frameworks",
				);
				PRODUCT_BUNDLE_IDENTIFIER = com.Rohit.OMDBUITests;
				PRODUCT_NAME = "$(TARGET_NAME)";
				SWIFT_VERSION = 4.0;
				TARGETED_DEVICE_FAMILY = "1,2";
				TEST_TARGET_NAME = OMDB;
			};
			name = Debug;
		};
		A60B2B74216613DA00476A86 /* Release */ = {
			isa = XCBuildConfiguration;
			baseConfigurationReference = BC36725B37436F493CBBC668 /* Pods-OMDBUITests.release.xcconfig */;
			buildSettings = {
				ALWAYS_EMBED_SWIFT_STANDARD_LIBRARIES = YES;
				CODE_SIGN_STYLE = Automatic;
				DEVELOPMENT_TEAM = QTH8A3VX8J;
				INFOPLIST_FILE = OMDBUITests/Info.plist;
				LD_RUNPATH_SEARCH_PATHS = (
					"$(inherited)",
					"@executable_path/Frameworks",
					"@loader_path/Frameworks",
				);
				PRODUCT_BUNDLE_IDENTIFIER = com.Rohit.OMDBUITests;
				PRODUCT_NAME = "$(TARGET_NAME)";
				SWIFT_VERSION = 4.0;
				TARGETED_DEVICE_FAMILY = "1,2";
				TEST_TARGET_NAME = OMDB;
			};
			name = Release;
		};
/* End XCBuildConfiguration section */

/* Begin XCConfigurationList section */
		A60B2B4D216613D900476A86 /* Build configuration list for PBXProject "OMDB" */ = {
			isa = XCConfigurationList;
			buildConfigurations = (
				A60B2B6D216613DA00476A86 /* Debug */,
				A60B2B6E216613DA00476A86 /* Release */,
			);
			defaultConfigurationIsVisible = 0;
			defaultConfigurationName = Release;
		};
		A60B2B6F216613DA00476A86 /* Build configuration list for PBXNativeTarget "OMDB" */ = {
			isa = XCConfigurationList;
			buildConfigurations = (
				A60B2B70216613DA00476A86 /* Debug */,
				A60B2B71216613DA00476A86 /* Release */,
			);
			defaultConfigurationIsVisible = 0;
			defaultConfigurationName = Release;
		};
		A60B2B72216613DA00476A86 /* Build configuration list for PBXNativeTarget "OMDBUITests" */ = {
			isa = XCConfigurationList;
			buildConfigurations = (
				A60B2B73216613DA00476A86 /* Debug */,
				A60B2B74216613DA00476A86 /* Release */,
			);
			defaultConfigurationIsVisible = 0;
			defaultConfigurationName = Release;
		};
/* End XCConfigurationList section */
	};
	rootObject = A60B2B4A216613D900476A86 /* Project object */;
}
